
Microsoft Visual Studio Solution File, Format Version 12.00
# Visual Studio 15
VisualStudioVersion = 15.0.28307.489
MinimumVisualStudioVersion = 10.0.40219.1
Project("{FAE04EC0-301F-11D3-BF4B-00C04F79EFBC}") = "Ping-pong", "Ping-pong\Ping-pong.csproj", "{5846FD3A-FC8F-47A5-B877-6A28FB70A4D0}"
EndProject
Global
	GlobalSection(SolutionConfigurationPlatforms) = preSolution
		Debug|Any CPU = Debug|Any CPU
		Release|Any CPU = Release|Any CPU
	EndGlobalSection
	GlobalSection(ProjectConfigurationPlatforms) = postSolution
		{5846FD3A-FC8F-47A5-B877-6A28FB70A4D0}.Debug|Any CPU.ActiveCfg = Debug|Any CPU
		{5846FD3A-FC8F-47A5-B877-6A28FB70A4D0}.Debug|Any CPU.Build.0 = Debug|Any CPU
		{5846FD3A-FC8F-47A5-B877-6A28FB70A4D0}.Release|Any CPU.ActiveCfg = Release|Any CPU
		{5846FD3A-FC8F-47A5-B877-6A28FB70A4D0}.Release|Any CPU.Build.0 = Release|Any CPU
	EndGlobalSection
	GlobalSection(SolutionProperties) = preSolution
		HideSolutionNode = FALSE
	EndGlobalSection
	GlobalSection(ExtensibilityGlobals) = postSolution
		SolutionGuid = {A8B20A9E-0622-4607-9EFE-F56158F8F6DC}
	EndGlobalSection
EndGlobal
